
Microsoft Visual Studio Solution File, Format Version 12.00
# Visual Studio 15
Project("{FAE04EC0-301F-11D3-BF4B-00C04F79EFBC}") = "Assembly-CSharp", "Assembly-CSharp.csproj", "{A03175BE-5FC3-6AB4-0FD3-54C4AB863DA7}"
EndProject
Project("{FAE04EC0-301F-11D3-BF4B-00C04F79EFBC}") = "Assembly-CSharp-firstpass", "Assembly-CSharp-firstpass.csproj", "{FF35DB80-9D4A-F4FA-C68A-807F3CD1724E}"
EndProject
Project("{FAE04EC0-301F-11D3-BF4B-00C04F79EFBC}") = "Assembly-CSharp-Editor", "Assembly-CSharp-Editor.csproj", "{CF7EF154-E927-2976-6B84-B97D7A639876}"
EndProject
Project("{FAE04EC0-301F-11D3-BF4B-00C04F79EFBC}") = "Assembly-CSharp-Editor-firstpass", "Assembly-CSharp-Editor-firstpass.csproj", "{406E06B5-132A-8FCC-A8E1-06AB85CE9A0B}"
EndProject
Global
	GlobalSection(SolutionConfigurationPlatforms) = preSolution
		Debug|Any CPU = Debug|Any CPU
		Release|Any CPU = Release|Any CPU
	EndGlobalSection
	GlobalSection(ProjectConfigurationPlatforms) = postSolution
		{A03175BE-5FC3-6AB4-0FD3-54C4AB863DA7}.Debug|Any CPU.ActiveCfg = Debug|Any CPU
		{A03175BE-5FC3-6AB4-0FD3-54C4AB863DA7}.Debug|Any CPU.Build.0 = Debug|Any CPU
		{A03175BE-5FC3-6AB4-0FD3-54C4AB863DA7}.Release|Any CPU.ActiveCfg = Release|Any CPU
		{A03175BE-5FC3-6AB4-0FD3-54C4AB863DA7}.Release|Any CPU.Build.0 = Release|Any CPU
		{FF35DB80-9D4A-F4FA-C68A-807F3CD1724E}.Debug|Any CPU.ActiveCfg = Debug|Any CPU
		{FF35DB80-9D4A-F4FA-C68A-807F3CD1724E}.Debug|Any CPU.Build.0 = Debug|Any CPU
		{FF35DB80-9D4A-F4FA-C68A-807F3CD1724E}.Release|Any CPU.ActiveCfg = Release|Any CPU
		{FF35DB80-9D4A-F4FA-C68A-807F3CD1724E}.Release|Any CPU.Build.0 = Release|Any CPU
		{CF7EF154-E927-2976-6B84-B97D7A639876}.Debug|Any CPU.ActiveCfg = Debug|Any CPU
		{CF7EF154-E927-2976-6B84-B97D7A639876}.Debug|Any CPU.Build.0 = Debug|Any CPU
		{CF7EF154-E927-2976-6B84-B97D7A639876}.Release|Any CPU.ActiveCfg = Release|Any CPU
		{CF7EF154-E927-2976-6B84-B97D7A639876}.Release|Any CPU.Build.0 = Release|Any CPU
		{406E06B5-132A-8FCC-A8E1-06AB85CE9A0B}.Debug|Any CPU.ActiveCfg = Debug|Any CPU
		{406E06B5-132A-8FCC-A8E1-06AB85CE9A0B}.Debug|Any CPU.Build.0 = Debug|Any CPU
		{406E06B5-132A-8FCC-A8E1-06AB85CE9A0B}.Release|Any CPU.ActiveCfg = Release|Any CPU
		{406E06B5-132A-8FCC-A8E1-06AB85CE9A0B}.Release|Any CPU.Build.0 = Release|Any CPU
	EndGlobalSection
	GlobalSection(SolutionProperties) = preSolution
		HideSolutionNode = FALSE
	EndGlobalSection
EndGlobal
